// !$*UTF8*$!
{
	archiveVersion = 1;
	classes = {
	};
	objectVersion = 46;
	objects = {

/* Begin PBXBuildFile section */
		7882883F1A4CBE3E0059A7F1 /* EventTransformTests.m in Sources */ = {isa = PBXBuildFile; fileRef = 7882883D1A4CBE280059A7F1 /* EventTransformTests.m */; };
		788288411A4DF9BD0059A7F1 /* EventAsyncTests.m in Sources */ = {isa = PBXBuildFile; fileRef = 788288401A4DF9BD0059A7F1 /* EventAsyncTests.m */; };
		78E984611A494B2D006387D8 /* libeventually.a in Frameworks */ = {isa = PBXBuildFile; fileRef = 78E984551A494B2D006387D8 /* libeventually.a */; };
		78E984861A4B0F2F006387D8 /* EventFiringTests.m in Sources */ = {isa = PBXBuildFile; fileRef = 78E984851A4B0F2F006387D8 /* EventFiringTests.m */; };
		78E984891A4B4EFD006387D8 /* TheRulesTests.m in Sources */ = {isa = PBXBuildFile; fileRef = 78E984881A4B4EFD006387D8 /* TheRulesTests.m */; };
		78E984921A4B713F006387D8 /* Event.m in Sources */ = {isa = PBXBuildFile; fileRef = 78E984911A4B713F006387D8 /* Event.m */; };
/* End PBXBuildFile section */

/* Begin PBXContainerItemProxy section */
		78E984621A494B2D006387D8 /* PBXContainerItemProxy */ = {
			isa = PBXContainerItemProxy;
			containerPortal = 78E9844D1A494B2D006387D8 /* Project object */;
			proxyType = 1;
			remoteGlobalIDString = 78E984541A494B2D006387D8;
			remoteInfo = eventually;
		};
/* End PBXContainerItemProxy section */

/* Begin PBXCopyFilesBuildPhase section */
		78E984531A494B2D006387D8 /* CopyFiles */ = {
			isa = PBXCopyFilesBuildPhase;
			buildActionMask = 2147483647;
			dstPath = "include/$(PRODUCT_NAME)";
			dstSubfolderSpec = 16;
			files = (
			);
			runOnlyForDeploymentPostprocessing = 0;
		};
/* End PBXCopyFilesBuildPhase section */

/* Begin PBXFileReference section */
		7882883D1A4CBE280059A7F1 /* EventTransformTests.m */ = {isa = PBXFileReference; fileEncoding = 4; lastKnownFileType = sourcecode.c.objc; path = EventTransformTests.m; sourceTree = "<group>"; };
		788288401A4DF9BD0059A7F1 /* EventAsyncTests.m */ = {isa = PBXFileReference; fileEncoding = 4; lastKnownFileType = sourcecode.c.objc; path = EventAsyncTests.m; sourceTree = "<group>"; };
		78E984551A494B2D006387D8 /* libeventually.a */ = {isa = PBXFileReference; explicitFileType = archive.ar; includeInIndex = 0; path = libeventually.a; sourceTree = BUILT_PRODUCTS_DIR; };
		78E984601A494B2D006387D8 /* eventually-tests.xctest */ = {isa = PBXFileReference; explicitFileType = wrapper.cfbundle; includeInIndex = 0; path = "eventually-tests.xctest"; sourceTree = BUILT_PRODUCTS_DIR; };
		78E9846F1A494E09006387D8 /* Info.plist */ = {isa = PBXFileReference; fileEncoding = 4; lastKnownFileType = text.plist.xml; path = Info.plist; sourceTree = "<group>"; };
		78E984711A494EED006387D8 /* Eventually.h */ = {isa = PBXFileReference; fileEncoding = 4; lastKnownFileType = sourcecode.c.h; name = Eventually.h; path = src/objc/Eventually.h; sourceTree = SOURCE_ROOT; };
		78E984851A4B0F2F006387D8 /* EventFiringTests.m */ = {isa = PBXFileReference; fileEncoding = 4; lastKnownFileType = sourcecode.c.objc; name = EventFiringTests.m; path = objc/EventFiringTests.m; sourceTree = "<group>"; };
		78E984881A4B4EFD006387D8 /* TheRulesTests.m */ = {isa = PBXFileReference; fileEncoding = 4; lastKnownFileType = sourcecode.c.objc; name = TheRulesTests.m; path = objc/TheRulesTests.m; sourceTree = "<group>"; };
		78E984901A4B713F006387D8 /* Event.h */ = {isa = PBXFileReference; fileEncoding = 4; lastKnownFileType = sourcecode.c.h; name = Event.h; path = src/objc/Event.h; sourceTree = SOURCE_ROOT; };
		78E984911A4B713F006387D8 /* Event.m */ = {isa = PBXFileReference; fileEncoding = 4; lastKnownFileType = sourcecode.c.objc; name = Event.m; path = src/objc/Event.m; sourceTree = SOURCE_ROOT; };
/* End PBXFileReference section */

/* Begin PBXFrameworksBuildPhase section */
		78E984521A494B2D006387D8 /* Frameworks */ = {
			isa = PBXFrameworksBuildPhase;
			buildActionMask = 2147483647;
			files = (
			);
			runOnlyForDeploymentPostprocessing = 0;
		};
		78E9845D1A494B2D006387D8 /* Frameworks */ = {
			isa = PBXFrameworksBuildPhase;
			buildActionMask = 2147483647;
			files = (
				78E984611A494B2D006387D8 /* libeventually.a in Frameworks */,
			);
			runOnlyForDeploymentPostprocessing = 0;
		};
/* End PBXFrameworksBuildPhase section */

/* Begin PBXGroup section */
		78E9844C1A494B2D006387D8 = {
			isa = PBXGroup;
			children = (
				78E984571A494B2D006387D8 /* eventually */,
				78E984641A494B2D006387D8 /* eventually-tests */,
				78E984561A494B2D006387D8 /* Products */,
			);
			sourceTree = "<group>";
		};
		78E984561A494B2D006387D8 /* Products */ = {
			isa = PBXGroup;
			children = (
				78E984551A494B2D006387D8 /* libeventually.a */,
				78E984601A494B2D006387D8 /* eventually-tests.xctest */,
			);
			name = Products;
			sourceTree = "<group>";
		};
		78E984571A494B2D006387D8 /* eventually */ = {
			isa = PBXGroup;
			children = (
				78E984701A494EDC006387D8 /* src */,
			);
			path = eventually;
			sourceTree = "<group>";
		};
		78E984641A494B2D006387D8 /* eventually-tests */ = {
			isa = PBXGroup;
			children = (
				78E984651A494B2D006387D8 /* Supporting Files */,
				78E984851A4B0F2F006387D8 /* EventFiringTests.m */,
				7882883D1A4CBE280059A7F1 /* EventTransformTests.m */,
				78E984881A4B4EFD006387D8 /* TheRulesTests.m */,
				788288401A4DF9BD0059A7F1 /* EventAsyncTests.m */,
			);
			name = "eventually-tests";
			path = test;
			sourceTree = SOURCE_ROOT;
		};
		78E984651A494B2D006387D8 /* Supporting Files */ = {
			isa = PBXGroup;
			children = (
				78E9846F1A494E09006387D8 /* Info.plist */,
			);
			name = "Supporting Files";
			sourceTree = "<group>";
		};
		78E984701A494EDC006387D8 /* src */ = {
			isa = PBXGroup;
			children = (
				78E984711A494EED006387D8 /* Eventually.h */,
				78E984901A4B713F006387D8 /* Event.h */,
				78E984911A4B713F006387D8 /* Event.m */,
			);
			name = src;
			path = src/objc;
			sourceTree = "<group>";
		};
/* End PBXGroup section */

/* Begin PBXNativeTarget section */
		78E984541A494B2D006387D8 /* eventually */ = {
			isa = PBXNativeTarget;
			buildConfigurationList = 78E984691A494B2D006387D8 /* Build configuration list for PBXNativeTarget "eventually" */;
			buildPhases = (
				78E984511A494B2D006387D8 /* Sources */,
				78E984521A494B2D006387D8 /* Frameworks */,
				78E984531A494B2D006387D8 /* CopyFiles */,
			);
			buildRules = (
			);
			dependencies = (
			);
			name = eventually;
			productName = eventually;
			productReference = 78E984551A494B2D006387D8 /* libeventually.a */;
			productType = "com.apple.product-type.library.static";
		};
		78E9845F1A494B2D006387D8 /* eventually-tests */ = {
			isa = PBXNativeTarget;
			buildConfigurationList = 78E9846C1A494B2D006387D8 /* Build configuration list for PBXNativeTarget "eventually-tests" */;
			buildPhases = (
				78E9845C1A494B2D006387D8 /* Sources */,
				78E9845D1A494B2D006387D8 /* Frameworks */,
				78E9845E1A494B2D006387D8 /* Resources */,
			);
			buildRules = (
			);
			dependencies = (
				78E984631A494B2D006387D8 /* PBXTargetDependency */,
			);
			name = "eventually-tests";
			productName = eventuallyTests;
			productReference = 78E984601A494B2D006387D8 /* eventually-tests.xctest */;
			productType = "com.apple.product-type.bundle.unit-test";
		};
/* End PBXNativeTarget section */

/* Begin PBXProject section */
		78E9844D1A494B2D006387D8 /* Project object */ = {
			isa = PBXProject;
			attributes = {
				LastUpgradeCheck = 0610;
				ORGANIZATIONNAME = "Mike Roberts";
				TargetAttributes = {
					78E984541A494B2D006387D8 = {
						CreatedOnToolsVersion = 6.1;
					};
					78E9845F1A494B2D006387D8 = {
						CreatedOnToolsVersion = 6.1;
					};
				};
			};
			buildConfigurationList = 78E984501A494B2D006387D8 /* Build configuration list for PBXProject "eventually" */;
			compatibilityVersion = "Xcode 3.2";
			developmentRegion = English;
			hasScannedForEncodings = 0;
			knownRegions = (
				en,
			);
			mainGroup = 78E9844C1A494B2D006387D8;
			productRefGroup = 78E984561A494B2D006387D8 /* Products */;
			projectDirPath = "";
			projectRoot = "";
			targets = (
				78E984541A494B2D006387D8 /* eventually */,
				78E9845F1A494B2D006387D8 /* eventually-tests */,
			);
		};
/* End PBXProject section */

/* Begin PBXResourcesBuildPhase section */
		78E9845E1A494B2D006387D8 /* Resources */ = {
			isa = PBXResourcesBuildPhase;
			buildActionMask = 2147483647;
			files = (
			);
			runOnlyForDeploymentPostprocessing = 0;
		};
/* End PBXResourcesBuildPhase section */

/* Begin PBXSourcesBuildPhase section */
		78E984511A494B2D006387D8 /* Sources */ = {
			isa = PBXSourcesBuildPhase;
			buildActionMask = 2147483647;
			files = (
				78E984921A4B713F006387D8 /* Event.m in Sources */,
			);
			runOnlyForDeploymentPostprocessing = 0;
		};
		78E9845C1A494B2D006387D8 /* Sources */ = {
			isa = PBXSourcesBuildPhase;
			buildActionMask = 2147483647;
			files = (
				78E984861A4B0F2F006387D8 /* EventFiringTests.m in Sources */,
				7882883F1A4CBE3E0059A7F1 /* EventTransformTests.m in Sources */,
				78E984891A4B4EFD006387D8 /* TheRulesTests.m in Sources */,
				788288411A4DF9BD0059A7F1 /* EventAsyncTests.m in Sources */,
			);
			runOnlyForDeploymentPostprocessing = 0;
		};
/* End PBXSourcesBuildPhase section */

/* Begin PBXTargetDependency section */
		78E984631A494B2D006387D8 /* PBXTargetDependency */ = {
			isa = PBXTargetDependency;
			target = 78E984541A494B2D006387D8 /* eventually */;
			targetProxy = 78E984621A494B2D006387D8 /* PBXContainerItemProxy */;
		};
/* End PBXTargetDependency section */

/* Begin XCBuildConfiguration section */
		78E984671A494B2D006387D8 /* Debug */ = {
			isa = XCBuildConfiguration;
			buildSettings = {
				ALWAYS_SEARCH_USER_PATHS = NO;
				CLANG_CXX_LANGUAGE_STANDARD = "gnu++0x";
				CLANG_CXX_LIBRARY = "libc++";
				CLANG_ENABLE_MODULES = YES;
				CLANG_ENABLE_OBJC_ARC = YES;
				CLANG_WARN_BOOL_CONVERSION = YES;
				CLANG_WARN_CONSTANT_CONVERSION = YES;
				CLANG_WARN_DIRECT_OBJC_ISA_USAGE = YES_ERROR;
				CLANG_WARN_EMPTY_BODY = YES;
				CLANG_WARN_ENUM_CONVERSION = YES;
				CLANG_WARN_INT_CONVERSION = YES;
				CLANG_WARN_OBJC_ROOT_CLASS = YES_ERROR;
				CLANG_WARN_UNREACHABLE_CODE = YES;
				CLANG_WARN__DUPLICATE_METHOD_MATCH = YES;
				COPY_PHASE_STRIP = NO;
				ENABLE_STRICT_OBJC_MSGSEND = YES;
				GCC_C_LANGUAGE_STANDARD = gnu99;
				GCC_DYNAMIC_NO_PIC = NO;
				GCC_OPTIMIZATION_LEVEL = 0;
				GCC_PREPROCESSOR_DEFINITIONS = (
					"DEBUG=1",
					"$(inherited)",
				);
				GCC_SYMBOLS_PRIVATE_EXTERN = NO;
				GCC_WARN_64_TO_32_BIT_CONVERSION = YES;
				GCC_WARN_ABOUT_RETURN_TYPE = YES_ERROR;
				GCC_WARN_UNDECLARED_SELECTOR = YES;
				GCC_WARN_UNINITIALIZED_AUTOS = YES_AGGRESSIVE;
				GCC_WARN_UNUSED_FUNCTION = YES;
				GCC_WARN_UNUSED_VARIABLE = YES;
				IPHONEOS_DEPLOYMENT_TARGET = 8.1;
				MTL_ENABLE_DEBUG_INFO = YES;
				ONLY_ACTIVE_ARCH = YES;
				SDKROOT = iphoneos;
			};
			name = Debug;
		};
		78E984681A494B2D006387D8 /* Release */ = {
			isa = XCBuildConfiguration;
			buildSettings = {
				ALWAYS_SEARCH_USER_PATHS = NO;
				CLANG_CXX_LANGUAGE_STANDARD = "gnu++0x";
				CLANG_CXX_LIBRARY = "libc++";
				CLANG_ENABLE_MODULES = YES;
				CLANG_ENABLE_OBJC_ARC = YES;
				CLANG_WARN_BOOL_CONVERSION = YES;
				CLANG_WARN_CONSTANT_CONVERSION = YES;
				CLANG_WARN_DIRECT_OBJC_ISA_USAGE = YES_ERROR;
				CLANG_WARN_EMPTY_BODY = YES;
				CLANG_WARN_ENUM_CONVERSION = YES;
				CLANG_WARN_INT_CONVERSION = YES;
				CLANG_WARN_OBJC_ROOT_CLASS = YES_ERROR;
				CLANG_WARN_UNREACHABLE_CODE = YES;
				CLANG_WARN__DUPLICATE_METHOD_MATCH = YES;
				COPY_PHASE_STRIP = YES;
				ENABLE_NS_ASSERTIONS = NO;
				ENABLE_STRICT_OBJC_MSGSEND = YES;
				GCC_C_LANGUAGE_STANDARD = gnu99;
				GCC_WARN_64_TO_32_BIT_CONVERSION = YES;
				GCC_WARN_ABOUT_RETURN_TYPE = YES_ERROR;
				GCC_WARN_UNDECLARED_SELECTOR = YES;
				GCC_WARN_UNINITIALIZED_AUTOS = YES_AGGRESSIVE;
				GCC_WARN_UNUSED_FUNCTION = YES;
				GCC_WARN_UNUSED_VARIABLE = YES;
				IPHONEOS_DEPLOYMENT_TARGET = 8.1;
				MTL_ENABLE_DEBUG_INFO = NO;
				SDKROOT = iphoneos;
				VALIDATE_PRODUCT = YES;
			};
			name = Release;
		};
		78E9846A1A494B2D006387D8 /* Debug */ = {
			isa = XCBuildConfiguration;
			buildSettings = {
				OTHER_LDFLAGS = "-ObjC";
				PRODUCT_NAME = "$(TARGET_NAME)";
				SKIP_INSTALL = YES;
			};
			name = Debug;
		};
		78E9846B1A494B2D006387D8 /* Release */ = {
			isa = XCBuildConfiguration;
			buildSettings = {
				OTHER_LDFLAGS = "-ObjC";
				PRODUCT_NAME = "$(TARGET_NAME)";
				SKIP_INSTALL = YES;
			};
			name = Release;
		};
		78E9846D1A494B2D006387D8 /* Debug */ = {
			isa = XCBuildConfiguration;
			buildSettings = {
				FRAMEWORK_SEARCH_PATHS = (
					"$(SDKROOT)/Developer/Library/Frameworks",
					"$(inherited)",
				);
				GCC_PREPROCESSOR_DEFINITIONS = (
					"DEBUG=1",
					"$(inherited)",
				);
				INFOPLIST_FILE = test/Info.plist;
				LD_RUNPATH_SEARCH_PATHS = "$(inherited) @executable_path/Frameworks @loader_path/Frameworks";
				PRODUCT_NAME = "$(TARGET_NAME)";
			};
			name = Debug;
		};
		78E9846E1A494B2D006387D8 /* Release */ = {
			isa = XCBuildConfiguration;
			buildSettings = {
				FRAMEWORK_SEARCH_PATHS = (
					"$(SDKROOT)/Developer/Library/Frameworks",
					"$(inherited)",
				);
				INFOPLIST_FILE = test/Info.plist;
				LD_RUNPATH_SEARCH_PATHS = "$(inherited) @executable_path/Frameworks @loader_path/Frameworks";
				PRODUCT_NAME = "$(TARGET_NAME)";
			};
			name = Release;
		};
/* End XCBuildConfiguration section */

/* Begin XCConfigurationList section */
		78E984501A494B2D006387D8 /* Build configuration list for PBXProject "eventually" */ = {
			isa = XCConfigurationList;
			buildConfigurations = (
				78E984671A494B2D006387D8 /* Debug */,
				78E984681A494B2D006387D8 /* Release */,
			);
			defaultConfigurationIsVisible = 0;
			defaultConfigurationName = Release;
		};
		78E984691A494B2D006387D8 /* Build configuration list for PBXNativeTarget "eventually" */ = {
			isa = XCConfigurationList;
			buildConfigurations = (
				78E9846A1A494B2D006387D8 /* Debug */,
				78E9846B1A494B2D006387D8 /* Release */,
			);
			defaultConfigurationIsVisible = 0;
			defaultConfigurationName = Release;
		};
		78E9846C1A494B2D006387D8 /* Build configuration list for PBXNativeTarget "eventually-tests" */ = {
			isa = XCConfigurationList;
			buildConfigurations = (
				78E9846D1A494B2D006387D8 /* Debug */,
				78E9846E1A494B2D006387D8 /* Release */,
			);
			defaultConfigurationIsVisible = 0;
			defaultConfigurationName = Release;
		};
/* End XCConfigurationList section */
	};
	rootObject = 78E9844D1A494B2D006387D8 /* Project object */;
}
